
Microsoft Visual Studio Solution File, Format Version 12.00
# Visual Studio 15
VisualStudioVersion = 15.0.28307.421
MinimumVisualStudioVersion = 10.0.40219.1
Project("{FAE04EC0-301F-11D3-BF4B-00C04F79EFBC}") = "NEDD-apk.Android", "NEDD-apk\NEDD-apk.Android\NEDD-apk.Android.csproj", "{0FA02C50-C880-4654-A755-B086293C5CF7}"
EndProject
Project("{FAE04EC0-301F-11D3-BF4B-00C04F79EFBC}") = "NEDD-apk.iOS", "NEDD-apk\NEDD-apk.iOS\NEDD-apk.iOS.csproj", "{8EF026CE-63CB-41A4-BC1B-3641B2487227}"
EndProject
Project("{FAE04EC0-301F-11D3-BF4B-00C04F79EFBC}") = "NEDD-apk.UWP", "NEDD-apk\NEDD-apk.UWP\NEDD-apk.UWP.csproj", "{80F5592D-56A6-4EBA-BE2B-0EF0EBF8671B}"
EndProject
Project("{FAE04EC0-301F-11D3-BF4B-00C04F79EFBC}") = "NEDD-apk", "NEDD-apk\NEDD-apk\NEDD-apk.csproj", "{3BA1FA4C-BDCE-4612-842C-94469020C6FB}"
EndProject
Global
	GlobalSection(SolutionConfigurationPlatforms) = preSolution
		Ad-Hoc|Any CPU = Ad-Hoc|Any CPU
		Ad-Hoc|ARM = Ad-Hoc|ARM
		Ad-Hoc|iPhone = Ad-Hoc|iPhone
		Ad-Hoc|iPhoneSimulator = Ad-Hoc|iPhoneSimulator
		Ad-Hoc|x64 = Ad-Hoc|x64
		Ad-Hoc|x86 = Ad-Hoc|x86
		AppStore|Any CPU = AppStore|Any CPU
		AppStore|ARM = AppStore|ARM
		AppStore|iPhone = AppStore|iPhone
		AppStore|iPhoneSimulator = AppStore|iPhoneSimulator
		AppStore|x64 = AppStore|x64
		AppStore|x86 = AppStore|x86
		Debug|Any CPU = Debug|Any CPU
		Debug|ARM = Debug|ARM
		Debug|iPhone = Debug|iPhone
		Debug|iPhoneSimulator = Debug|iPhoneSimulator
		Debug|x64 = Debug|x64
		Debug|x86 = Debug|x86
		Release|Any CPU = Release|Any CPU
		Release|ARM = Release|ARM
		Release|iPhone = Release|iPhone
		Release|iPhoneSimulator = Release|iPhoneSimulator
		Release|x64 = Release|x64
		Release|x86 = Release|x86
	EndGlobalSection
	GlobalSection(ProjectConfigurationPlatforms) = postSolution
		{0FA02C50-C880-4654-A755-B086293C5CF7}.Ad-Hoc|Any CPU.ActiveCfg = Release|Any CPU
		{0FA02C50-C880-4654-A755-B086293C5CF7}.Ad-Hoc|Any CPU.Build.0 = Release|Any CPU
		{0FA02C50-C880-4654-A755-B086293C5CF7}.Ad-Hoc|Any CPU.Deploy.0 = Release|Any CPU
		{0FA02C50-C880-4654-A755-B086293C5CF7}.Ad-Hoc|ARM.ActiveCfg = Release|Any CPU
		{0FA02C50-C880-4654-A755-B086293C5CF7}.Ad-Hoc|ARM.Build.0 = Release|Any CPU
		{0FA02C50-C880-4654-A755-B086293C5CF7}.Ad-Hoc|ARM.Deploy.0 = Release|Any CPU
		{0FA02C50-C880-4654-A755-B086293C5CF7}.Ad-Hoc|iPhone.ActiveCfg = Release|Any CPU
		{0FA02C50-C880-4654-A755-B086293C5CF7}.Ad-Hoc|iPhone.Build.0 = Release|Any CPU
		{0FA02C50-C880-4654-A755-B086293C5CF7}.Ad-Hoc|iPhone.Deploy.0 = Release|Any CPU
		{0FA02C50-C880-4654-A755-B086293C5CF7}.Ad-Hoc|iPhoneSimulator.ActiveCfg = Release|Any CPU
		{0FA02C50-C880-4654-A755-B086293C5CF7}.Ad-Hoc|iPhoneSimulator.Build.0 = Release|Any CPU
		{0FA02C50-C880-4654-A755-B086293C5CF7}.Ad-Hoc|iPhoneSimulator.Deploy.0 = Release|Any CPU
		{0FA02C50-C880-4654-A755-B086293C5CF7}.Ad-Hoc|x64.ActiveCfg = Release|Any CPU
		{0FA02C50-C880-4654-A755-B086293C5CF7}.Ad-Hoc|x64.Build.0 = Release|Any CPU
		{0FA02C50-C880-4654-A755-B086293C5CF7}.Ad-Hoc|x64.Deploy.0 = Release|Any CPU
		{0FA02C50-C880-4654-A755-B086293C5CF7}.Ad-Hoc|x86.ActiveCfg = Release|Any CPU
		{0FA02C50-C880-4654-A755-B086293C5CF7}.Ad-Hoc|x86.Build.0 = Release|Any CPU
		{0FA02C50-C880-4654-A755-B086293C5CF7}.Ad-Hoc|x86.Deploy.0 = Release|Any CPU
		{0FA02C50-C880-4654-A755-B086293C5CF7}.AppStore|Any CPU.ActiveCfg = Release|Any CPU
		{0FA02C50-C880-4654-A755-B086293C5CF7}.AppStore|Any CPU.Build.0 = Release|Any CPU
		{0FA02C50-C880-4654-A755-B086293C5CF7}.AppStore|Any CPU.Deploy.0 = Release|Any CPU
		{0FA02C50-C880-4654-A755-B086293C5CF7}.AppStore|ARM.ActiveCfg = Release|Any CPU
		{0FA02C50-C880-4654-A755-B086293C5CF7}.AppStore|ARM.Build.0 = Release|Any CPU
		{0FA02C50-C880-4654-A755-B086293C5CF7}.AppStore|ARM.Deploy.0 = Release|Any CPU
		{0FA02C50-C880-4654-A755-B086293C5CF7}.AppStore|iPhone.ActiveCfg = Release|Any CPU
		{0FA02C50-C880-4654-A755-B086293C5CF7}.AppStore|iPhone.Build.0 = Release|Any CPU
		{0FA02C50-C880-4654-A755-B086293C5CF7}.AppStore|iPhone.Deploy.0 = Release|Any CPU
		{0FA02C50-C880-4654-A755-B086293C5CF7}.AppStore|iPhoneSimulator.ActiveCfg = Release|Any CPU
		{0FA02C50-C880-4654-A755-B086293C5CF7}.AppStore|iPhoneSimulator.Build.0 = Release|Any CPU
		{0FA02C50-C880-4654-A755-B086293C5CF7}.AppStore|iPhoneSimulator.Deploy.0 = Release|Any CPU
		{0FA02C50-C880-4654-A755-B086293C5CF7}.AppStore|x64.ActiveCfg = Release|Any CPU
		{0FA02C50-C880-4654-A755-B086293C5CF7}.AppStore|x64.Build.0 = Release|Any CPU
		{0FA02C50-C880-4654-A755-B086293C5CF7}.AppStore|x64.Deploy.0 = Release|Any CPU
		{0FA02C50-C880-4654-A755-B086293C5CF7}.AppStore|x86.ActiveCfg = Release|Any CPU
		{0FA02C50-C880-4654-A755-B086293C5CF7}.AppStore|x86.Build.0 = Release|Any CPU
		{0FA02C50-C880-4654-A755-B086293C5CF7}.AppStore|x86.Deploy.0 = Release|Any CPU
		{0FA02C50-C880-4654-A755-B086293C5CF7}.Debug|Any CPU.ActiveCfg = Debug|Any CPU
		{0FA02C50-C880-4654-A755-B086293C5CF7}.Debug|Any CPU.Build.0 = Debug|Any CPU
		{0FA02C50-C880-4654-A755-B086293C5CF7}.Debug|Any CPU.Deploy.0 = Debug|Any CPU
		{0FA02C50-C880-4654-A755-B086293C5CF7}.Debug|ARM.ActiveCfg = Debug|Any CPU
		{0FA02C50-C880-4654-A755-B086293C5CF7}.Debug|ARM.Build.0 = Debug|Any CPU
		{0FA02C50-C880-4654-A755-B086293C5CF7}.Debug|ARM.Deploy.0 = Debug|Any CPU
		{0FA02C50-C880-4654-A755-B086293C5CF7}.Debug|iPhone.ActiveCfg = Debug|Any CPU
		{0FA02C50-C880-4654-A755-B086293C5CF7}.Debug|iPhone.Build.0 = Debug|Any CPU
		{0FA02C50-C880-4654-A755-B086293C5CF7}.Debug|iPhone.Deploy.0 = Debug|Any CPU
		{0FA02C50-C880-4654-A755-B086293C5CF7}.Debug|iPhoneSimulator.ActiveCfg = Debug|Any CPU
		{0FA02C50-C880-4654-A755-B086293C5CF7}.Debug|iPhoneSimulator.Build.0 = Debug|Any CPU
		{0FA02C50-C880-4654-A755-B086293C5CF7}.Debug|iPhoneSimulator.Deploy.0 = Debug|Any CPU
		{0FA02C50-C880-4654-A755-B086293C5CF7}.Debug|x64.ActiveCfg = Debug|Any CPU
		{0FA02C50-C880-4654-A755-B086293C5CF7}.Debug|x64.Build.0 = Debug|Any CPU
		{0FA02C50-C880-4654-A755-B086293C5CF7}.Debug|x64.Deploy.0 = Debug|Any CPU
		{0FA02C50-C880-4654-A755-B086293C5CF7}.Debug|x86.ActiveCfg = Debug|Any CPU
		{0FA02C50-C880-4654-A755-B086293C5CF7}.Debug|x86.Build.0 = Debug|Any CPU
		{0FA02C50-C880-4654-A755-B086293C5CF7}.Debug|x86.Deploy.0 = Debug|Any CPU
		{0FA02C50-C880-4654-A755-B086293C5CF7}.Release|Any CPU.ActiveCfg = Release|Any CPU
		{0FA02C50-C880-4654-A755-B086293C5CF7}.Release|Any CPU.Build.0 = Release|Any CPU
		{0FA02C50-C880-4654-A755-B086293C5CF7}.Release|Any CPU.Deploy.0 = Release|Any CPU
		{0FA02C50-C880-4654-A755-B086293C5CF7}.Release|ARM.ActiveCfg = Release|Any CPU
		{0FA02C50-C880-4654-A755-B086293C5CF7}.Release|ARM.Build.0 = Release|Any CPU
		{0FA02C50-C880-4654-A755-B086293C5CF7}.Release|ARM.Deploy.0 = Release|Any CPU
		{0FA02C50-C880-4654-A755-B086293C5CF7}.Release|iPhone.ActiveCfg = Release|Any CPU
		{0FA02C50-C880-4654-A755-B086293C5CF7}.Release|iPhone.Build.0 = Release|Any CPU
		{0FA02C50-C880-4654-A755-B086293C5CF7}.Release|iPhone.Deploy.0 = Release|Any CPU
		{0FA02C50-C880-4654-A755-B086293C5CF7}.Release|iPhoneSimulator.ActiveCfg = Release|Any CPU
		{0FA02C50-C880-4654-A755-B086293C5CF7}.Release|iPhoneSimulator.Build.0 = Release|Any CPU
		{0FA02C50-C880-4654-A755-B086293C5CF7}.Release|iPhoneSimulator.Deploy.0 = Release|Any CPU
		{0FA02C50-C880-4654-A755-B086293C5CF7}.Release|x64.ActiveCfg = Release|Any CPU
		{0FA02C50-C880-4654-A755-B086293C5CF7}.Release|x64.Build.0 = Release|Any CPU
		{0FA02C50-C880-4654-A755-B086293C5CF7}.Release|x64.Deploy.0 = Release|Any CPU
		{0FA02C50-C880-4654-A755-B086293C5CF7}.Release|x86.ActiveCfg = Release|Any CPU
		{0FA02C50-C880-4654-A755-B086293C5CF7}.Release|x86.Build.0 = Release|Any CPU
		{0FA02C50-C880-4654-A755-B086293C5CF7}.Release|x86.Deploy.0 = Release|Any CPU
		{8EF026CE-63CB-41A4-BC1B-3641B2487227}.Ad-Hoc|Any CPU.ActiveCfg = Ad-Hoc|iPhone
		{8EF026CE-63CB-41A4-BC1B-3641B2487227}.Ad-Hoc|Any CPU.Build.0 = Ad-Hoc|iPhone
		{8EF026CE-63CB-41A4-BC1B-3641B2487227}.Ad-Hoc|Any CPU.Deploy.0 = Ad-Hoc|iPhone
		{8EF026CE-63CB-41A4-BC1B-3641B2487227}.Ad-Hoc|ARM.ActiveCfg = Ad-Hoc|iPhone
		{8EF026CE-63CB-41A4-BC1B-3641B2487227}.Ad-Hoc|ARM.Build.0 = Ad-Hoc|iPhone
		{8EF026CE-63CB-41A4-BC1B-3641B2487227}.Ad-Hoc|ARM.Deploy.0 = Ad-Hoc|iPhone
		{8EF026CE-63CB-41A4-BC1B-3641B2487227}.Ad-Hoc|iPhone.ActiveCfg = Ad-Hoc|iPhone
		{8EF026CE-63CB-41A4-BC1B-3641B2487227}.Ad-Hoc|iPhone.Build.0 = Ad-Hoc|iPhone
		{8EF026CE-63CB-41A4-BC1B-3641B2487227}.Ad-Hoc|iPhone.Deploy.0 = Ad-Hoc|iPhone
		{8EF026CE-63CB-41A4-BC1B-3641B2487227}.Ad-Hoc|iPhoneSimulator.ActiveCfg = Ad-Hoc|iPhoneSimulator
		{8EF026CE-63CB-41A4-BC1B-3641B2487227}.Ad-Hoc|iPhoneSimulator.Build.0 = Ad-Hoc|iPhoneSimulator
		{8EF026CE-63CB-41A4-BC1B-3641B2487227}.Ad-Hoc|iPhoneSimulator.Deploy.0 = Ad-Hoc|iPhoneSimulator
		{8EF026CE-63CB-41A4-BC1B-3641B2487227}.Ad-Hoc|x64.ActiveCfg = Ad-Hoc|iPhone
		{8EF026CE-63CB-41A4-BC1B-3641B2487227}.Ad-Hoc|x64.Build.0 = Ad-Hoc|iPhone
		{8EF026CE-63CB-41A4-BC1B-3641B2487227}.Ad-Hoc|x64.Deploy.0 = Ad-Hoc|iPhone
		{8EF026CE-63CB-41A4-BC1B-3641B2487227}.Ad-Hoc|x86.ActiveCfg = Ad-Hoc|iPhone
		{8EF026CE-63CB-41A4-BC1B-3641B2487227}.Ad-Hoc|x86.Build.0 = Ad-Hoc|iPhone
		{8EF026CE-63CB-41A4-BC1B-3641B2487227}.Ad-Hoc|x86.Deploy.0 = Ad-Hoc|iPhone
		{8EF026CE-63CB-41A4-BC1B-3641B2487227}.AppStore|Any CPU.ActiveCfg = AppStore|iPhone
		{8EF026CE-63CB-41A4-BC1B-3641B2487227}.AppStore|Any CPU.Build.0 = AppStore|iPhone
		{8EF026CE-63CB-41A4-BC1B-3641B2487227}.AppStore|Any CPU.Deploy.0 = AppStore|iPhone
		{8EF026CE-63CB-41A4-BC1B-3641B2487227}.AppStore|ARM.ActiveCfg = AppStore|iPhone
		{8EF026CE-63CB-41A4-BC1B-3641B2487227}.AppStore|ARM.Build.0 = AppStore|iPhone
		{8EF026CE-63CB-41A4-BC1B-3641B2487227}.AppStore|ARM.Deploy.0 = AppStore|iPhone
		{8EF026CE-63CB-41A4-BC1B-3641B2487227}.AppStore|iPhone.ActiveCfg = AppStore|iPhone
		{8EF026CE-63CB-41A4-BC1B-3641B2487227}.AppStore|iPhone.Build.0 = AppStore|iPhone
		{8EF026CE-63CB-41A4-BC1B-3641B2487227}.AppStore|iPhone.Deploy.0 = AppStore|iPhone
		{8EF026CE-63CB-41A4-BC1B-3641B2487227}.AppStore|iPhoneSimulator.ActiveCfg = AppStore|iPhoneSimulator
		{8EF026CE-63CB-41A4-BC1B-3641B2487227}.AppStore|iPhoneSimulator.Build.0 = AppStore|iPhoneSimulator
		{8EF026CE-63CB-41A4-BC1B-3641B2487227}.AppStore|iPhoneSimulator.Deploy.0 = AppStore|iPhoneSimulator
		{8EF026CE-63CB-41A4-BC1B-3641B2487227}.AppStore|x64.ActiveCfg = AppStore|iPhone
		{8EF026CE-63CB-41A4-BC1B-3641B2487227}.AppStore|x64.Build.0 = AppStore|iPhone
		{8EF026CE-63CB-41A4-BC1B-3641B2487227}.AppStore|x64.Deploy.0 = AppStore|iPhone
		{8EF026CE-63CB-41A4-BC1B-3641B2487227}.AppStore|x86.ActiveCfg = AppStore|iPhone
		{8EF026CE-63CB-41A4-BC1B-3641B2487227}.AppStore|x86.Build.0 = AppStore|iPhone
		{8EF026CE-63CB-41A4-BC1B-3641B2487227}.AppStore|x86.Deploy.0 = AppStore|iPhone
		{8EF026CE-63CB-41A4-BC1B-3641B2487227}.Debug|Any CPU.ActiveCfg = Debug|iPhoneSimulator
		{8EF026CE-63CB-41A4-BC1B-3641B2487227}.Debug|Any CPU.Build.0 = Debug|iPhoneSimulator
		{8EF026CE-63CB-41A4-BC1B-3641B2487227}.Debug|Any CPU.Deploy.0 = Debug|iPhoneSimulator
		{8EF026CE-63CB-41A4-BC1B-3641B2487227}.Debug|ARM.ActiveCfg = Debug|iPhone
		{8EF026CE-63CB-41A4-BC1B-3641B2487227}.Debug|ARM.Build.0 = Debug|iPhone
		{8EF026CE-63CB-41A4-BC1B-3641B2487227}.Debug|ARM.Deploy.0 = Debug|iPhone
		{8EF026CE-63CB-41A4-BC1B-3641B2487227}.Debug|iPhone.ActiveCfg = Debug|iPhone
		{8EF026CE-63CB-41A4-BC1B-3641B2487227}.Debug|iPhone.Build.0 = Debug|iPhone
		{8EF026CE-63CB-41A4-BC1B-3641B2487227}.Debug|iPhone.Deploy.0 = Debug|iPhone
		{8EF026CE-63CB-41A4-BC1B-3641B2487227}.Debug|iPhoneSimulator.ActiveCfg = Debug|iPhoneSimulator
		{8EF026CE-63CB-41A4-BC1B-3641B2487227}.Debug|iPhoneSimulator.Build.0 = Debug|iPhoneSimulator
		{8EF026CE-63CB-41A4-BC1B-3641B2487227}.Debug|iPhoneSimulator.Deploy.0 = Debug|iPhoneSimulator
		{8EF026CE-63CB-41A4-BC1B-3641B2487227}.Debug|x64.ActiveCfg = Debug|iPhone
		{8EF026CE-63CB-41A4-BC1B-3641B2487227}.Debug|x64.Build.0 = Debug|iPhone
		{8EF026CE-63CB-41A4-BC1B-3641B2487227}.Debug|x64.Deploy.0 = Debug|iPhone
		{8EF026CE-63CB-41A4-BC1B-3641B2487227}.Debug|x86.ActiveCfg = Debug|iPhone
		{8EF026CE-63CB-41A4-BC1B-3641B2487227}.Debug|x86.Build.0 = Debug|iPhone
		{8EF026CE-63CB-41A4-BC1B-3641B2487227}.Debug|x86.Deploy.0 = Debug|iPhone
		{8EF026CE-63CB-41A4-BC1B-3641B2487227}.Release|Any CPU.ActiveCfg = Release|iPhone
		{8EF026CE-63CB-41A4-BC1B-3641B2487227}.Release|Any CPU.Build.0 = Release|iPhone
		{8EF026CE-63CB-41A4-BC1B-3641B2487227}.Release|Any CPU.Deploy.0 = Release|iPhone
		{8EF026CE-63CB-41A4-BC1B-3641B2487227}.Release|ARM.ActiveCfg = Release|iPhone
		{8EF026CE-63CB-41A4-BC1B-3641B2487227}.Release|ARM.Build.0 = Release|iPhone
		{8EF026CE-63CB-41A4-BC1B-3641B2487227}.Release|ARM.Deploy.0 = Release|iPhone
		{8EF026CE-63CB-41A4-BC1B-3641B2487227}.Release|iPhone.ActiveCfg = Release|iPhone
		{8EF026CE-63CB-41A4-BC1B-3641B2487227}.Release|iPhone.Build.0 = Release|iPhone
		{8EF026CE-63CB-41A4-BC1B-3641B2487227}.Release|iPhone.Deploy.0 = Release|iPhone
		{8EF026CE-63CB-41A4-BC1B-3641B2487227}.Release|iPhoneSimulator.ActiveCfg = Release|iPhoneSimulator
		{8EF026CE-63CB-41A4-BC1B-3641B2487227}.Release|iPhoneSimulator.Build.0 = Release|iPhoneSimulator
		{8EF026CE-63CB-41A4-BC1B-3641B2487227}.Release|iPhoneSimulator.Deploy.0 = Release|iPhoneSimulator
		{8EF026CE-63CB-41A4-BC1B-3641B2487227}.Release|x64.ActiveCfg = Release|iPhone
		{8EF026CE-63CB-41A4-BC1B-3641B2487227}.Release|x64.Build.0 = Release|iPhone
		{8EF026CE-63CB-41A4-BC1B-3641B2487227}.Release|x64.Deploy.0 = Release|iPhone
		{8EF026CE-63CB-41A4-BC1B-3641B2487227}.Release|x86.ActiveCfg = Release|iPhone
		{8EF026CE-63CB-41A4-BC1B-3641B2487227}.Release|x86.Build.0 = Release|iPhone
		{8EF026CE-63CB-41A4-BC1B-3641B2487227}.Release|x86.Deploy.0 = Release|iPhone
		{80F5592D-56A6-4EBA-BE2B-0EF0EBF8671B}.Ad-Hoc|Any CPU.ActiveCfg = Release|x86
		{80F5592D-56A6-4EBA-BE2B-0EF0EBF8671B}.Ad-Hoc|Any CPU.Build.0 = Release|x86
		{80F5592D-56A6-4EBA-BE2B-0EF0EBF8671B}.Ad-Hoc|Any CPU.Deploy.0 = Release|x86
		{80F5592D-56A6-4EBA-BE2B-0EF0EBF8671B}.Ad-Hoc|ARM.ActiveCfg = Release|ARM
		{80F5592D-56A6-4EBA-BE2B-0EF0EBF8671B}.Ad-Hoc|ARM.Build.0 = Release|ARM
		{80F5592D-56A6-4EBA-BE2B-0EF0EBF8671B}.Ad-Hoc|ARM.Deploy.0 = Release|ARM
		{80F5592D-56A6-4EBA-BE2B-0EF0EBF8671B}.Ad-Hoc|iPhone.ActiveCfg = Release|x86
		{80F5592D-56A6-4EBA-BE2B-0EF0EBF8671B}.Ad-Hoc|iPhone.Build.0 = Release|x86
		{80F5592D-56A6-4EBA-BE2B-0EF0EBF8671B}.Ad-Hoc|iPhone.Deploy.0 = Release|x86
		{80F5592D-56A6-4EBA-BE2B-0EF0EBF8671B}.Ad-Hoc|iPhoneSimulator.ActiveCfg = Release|x86
		{80F5592D-56A6-4EBA-BE2B-0EF0EBF8671B}.Ad-Hoc|iPhoneSimulator.Build.0 = Release|x86
		{80F5592D-56A6-4EBA-BE2B-0EF0EBF8671B}.Ad-Hoc|iPhoneSimulator.Deploy.0 = Release|x86
		{80F5592D-56A6-4EBA-BE2B-0EF0EBF8671B}.Ad-Hoc|x64.ActiveCfg = Release|x64
		{80F5592D-56A6-4EBA-BE2B-0EF0EBF8671B}.Ad-Hoc|x64.Build.0 = Release|x64
		{80F5592D-56A6-4EBA-BE2B-0EF0EBF8671B}.Ad-Hoc|x64.Deploy.0 = Release|x64
		{80F5592D-56A6-4EBA-BE2B-0EF0EBF8671B}.Ad-Hoc|x86.ActiveCfg = Release|x86
		{80F5592D-56A6-4EBA-BE2B-0EF0EBF8671B}.Ad-Hoc|x86.Build.0 = Release|x86
		{80F5592D-56A6-4EBA-BE2B-0EF0EBF8671B}.Ad-Hoc|x86.Deploy.0 = Release|x86
		{80F5592D-56A6-4EBA-BE2B-0EF0EBF8671B}.AppStore|Any CPU.ActiveCfg = Release|x86
		{80F5592D-56A6-4EBA-BE2B-0EF0EBF8671B}.AppStore|Any CPU.Build.0 = Release|x86
		{80F5592D-56A6-4EBA-BE2B-0EF0EBF8671B}.AppStore|Any CPU.Deploy.0 = Release|x86
		{80F5592D-56A6-4EBA-BE2B-0EF0EBF8671B}.AppStore|ARM.ActiveCfg = Release|ARM
		{80F5592D-56A6-4EBA-BE2B-0EF0EBF8671B}.AppStore|ARM.Build.0 = Release|ARM
		{80F5592D-56A6-4EBA-BE2B-0EF0EBF8671B}.AppStore|ARM.Deploy.0 = Release|ARM
		{80F5592D-56A6-4EBA-BE2B-0EF0EBF8671B}.AppStore|iPhone.ActiveCfg = Release|x86
		{80F5592D-56A6-4EBA-BE2B-0EF0EBF8671B}.AppStore|iPhone.Build.0 = Release|x86
		{80F5592D-56A6-4EBA-BE2B-0EF0EBF8671B}.AppStore|iPhone.Deploy.0 = Release|x86
		{80F5592D-56A6-4EBA-BE2B-0EF0EBF8671B}.AppStore|iPhoneSimulator.ActiveCfg = Release|x86
		{80F5592D-56A6-4EBA-BE2B-0EF0EBF8671B}.AppStore|iPhoneSimulator.Build.0 = Release|x86
		{80F5592D-56A6-4EBA-BE2B-0EF0EBF8671B}.AppStore|iPhoneSimulator.Deploy.0 = Release|x86
		{80F5592D-56A6-4EBA-BE2B-0EF0EBF8671B}.AppStore|x64.ActiveCfg = Release|x64
		{80F5592D-56A6-4EBA-BE2B-0EF0EBF8671B}.AppStore|x64.Build.0 = Release|x64
		{80F5592D-56A6-4EBA-BE2B-0EF0EBF8671B}.AppStore|x64.Deploy.0 = Release|x64
		{80F5592D-56A6-4EBA-BE2B-0EF0EBF8671B}.AppStore|x86.ActiveCfg = Release|x86
		{80F5592D-56A6-4EBA-BE2B-0EF0EBF8671B}.AppStore|x86.Build.0 = Release|x86
		{80F5592D-56A6-4EBA-BE2B-0EF0EBF8671B}.AppStore|x86.Deploy.0 = Release|x86
		{80F5592D-56A6-4EBA-BE2B-0EF0EBF8671B}.Debug|Any CPU.ActiveCfg = Debug|x86
		{80F5592D-56A6-4EBA-BE2B-0EF0EBF8671B}.Debug|Any CPU.Build.0 = Debug|x86
		{80F5592D-56A6-4EBA-BE2B-0EF0EBF8671B}.Debug|Any CPU.Deploy.0 = Debug|x86
		{80F5592D-56A6-4EBA-BE2B-0EF0EBF8671B}.Debug|ARM.ActiveCfg = Debug|ARM
		{80F5592D-56A6-4EBA-BE2B-0EF0EBF8671B}.Debug|ARM.Build.0 = Debug|ARM
		{80F5592D-56A6-4EBA-BE2B-0EF0EBF8671B}.Debug|ARM.Deploy.0 = Debug|ARM
		{80F5592D-56A6-4EBA-BE2B-0EF0EBF8671B}.Debug|iPhone.ActiveCfg = Debug|x86
		{80F5592D-56A6-4EBA-BE2B-0EF0EBF8671B}.Debug|iPhone.Build.0 = Debug|x86
		{80F5592D-56A6-4EBA-BE2B-0EF0EBF8671B}.Debug|iPhone.Deploy.0 = Debug|x86
		{80F5592D-56A6-4EBA-BE2B-0EF0EBF8671B}.Debug|iPhoneSimulator.ActiveCfg = Debug|x86
		{80F5592D-56A6-4EBA-BE2B-0EF0EBF8671B}.Debug|iPhoneSimulator.Build.0 = Debug|x86
		{80F5592D-56A6-4EBA-BE2B-0EF0EBF8671B}.Debug|iPhoneSimulator.Deploy.0 = Debug|x86
		{80F5592D-56A6-4EBA-BE2B-0EF0EBF8671B}.Debug|x64.ActiveCfg = Debug|x64
		{80F5592D-56A6-4EBA-BE2B-0EF0EBF8671B}.Debug|x64.Build.0 = Debug|x64
		{80F5592D-56A6-4EBA-BE2B-0EF0EBF8671B}.Debug|x64.Deploy.0 = Debug|x64
		{80F5592D-56A6-4EBA-BE2B-0EF0EBF8671B}.Debug|x86.ActiveCfg = Debug|x86
		{80F5592D-56A6-4EBA-BE2B-0EF0EBF8671B}.Debug|x86.Build.0 = Debug|x86
		{80F5592D-56A6-4EBA-BE2B-0EF0EBF8671B}.Debug|x86.Deploy.0 = Debug|x86
		{80F5592D-56A6-4EBA-BE2B-0EF0EBF8671B}.Release|Any CPU.ActiveCfg = Release|x86
		{80F5592D-56A6-4EBA-BE2B-0EF0EBF8671B}.Release|Any CPU.Build.0 = Release|x86
		{80F5592D-56A6-4EBA-BE2B-0EF0EBF8671B}.Release|Any CPU.Deploy.0 = Release|x86
		{80F5592D-56A6-4EBA-BE2B-0EF0EBF8671B}.Release|ARM.ActiveCfg = Release|ARM
		{80F5592D-56A6-4EBA-BE2B-0EF0EBF8671B}.Release|ARM.Build.0 = Release|ARM
		{80F5592D-56A6-4EBA-BE2B-0EF0EBF8671B}.Release|ARM.Deploy.0 = Release|ARM
		{80F5592D-56A6-4EBA-BE2B-0EF0EBF8671B}.Release|iPhone.ActiveCfg = Release|x86
		{80F5592D-56A6-4EBA-BE2B-0EF0EBF8671B}.Release|iPhone.Build.0 = Release|x86
		{80F5592D-56A6-4EBA-BE2B-0EF0EBF8671B}.Release|iPhone.Deploy.0 = Release|x86
		{80F5592D-56A6-4EBA-BE2B-0EF0EBF8671B}.Release|iPhoneSimulator.ActiveCfg = Release|x86
		{80F5592D-56A6-4EBA-BE2B-0EF0EBF8671B}.Release|iPhoneSimulator.Build.0 = Release|x86
		{80F5592D-56A6-4EBA-BE2B-0EF0EBF8671B}.Release|iPhoneSimulator.Deploy.0 = Release|x86
		{80F5592D-56A6-4EBA-BE2B-0EF0EBF8671B}.Release|x64.ActiveCfg = Release|x64
		{80F5592D-56A6-4EBA-BE2B-0EF0EBF8671B}.Release|x64.Build.0 = Release|x64
		{80F5592D-56A6-4EBA-BE2B-0EF0EBF8671B}.Release|x64.Deploy.0 = Release|x64
		{80F5592D-56A6-4EBA-BE2B-0EF0EBF8671B}.Release|x86.ActiveCfg = Release|x86
		{80F5592D-56A6-4EBA-BE2B-0EF0EBF8671B}.Release|x86.Build.0 = Release|x86
		{80F5592D-56A6-4EBA-BE2B-0EF0EBF8671B}.Release|x86.Deploy.0 = Release|x86
		{3BA1FA4C-BDCE-4612-842C-94469020C6FB}.Ad-Hoc|Any CPU.ActiveCfg = Debug|Any CPU
		{3BA1FA4C-BDCE-4612-842C-94469020C6FB}.Ad-Hoc|Any CPU.Build.0 = Debug|Any CPU
		{3BA1FA4C-BDCE-4612-842C-94469020C6FB}.Ad-Hoc|Any CPU.Deploy.0 = Debug|Any CPU
		{3BA1FA4C-BDCE-4612-842C-94469020C6FB}.Ad-Hoc|ARM.ActiveCfg = Debug|Any CPU
		{3BA1FA4C-BDCE-4612-842C-94469020C6FB}.Ad-Hoc|ARM.Build.0 = Debug|Any CPU
		{3BA1FA4C-BDCE-4612-842C-94469020C6FB}.Ad-Hoc|ARM.Deploy.0 = Debug|Any CPU
		{3BA1FA4C-BDCE-4612-842C-94469020C6FB}.Ad-Hoc|iPhone.ActiveCfg = Debug|Any CPU
		{3BA1FA4C-BDCE-4612-842C-94469020C6FB}.Ad-Hoc|iPhone.Build.0 = Debug|Any CPU
		{3BA1FA4C-BDCE-4612-842C-94469020C6FB}.Ad-Hoc|iPhone.Deploy.0 = Debug|Any CPU
		{3BA1FA4C-BDCE-4612-842C-94469020C6FB}.Ad-Hoc|iPhoneSimulator.ActiveCfg = Debug|Any CPU
		{3BA1FA4C-BDCE-4612-842C-94469020C6FB}.Ad-Hoc|iPhoneSimulator.Build.0 = Debug|Any CPU
		{3BA1FA4C-BDCE-4612-842C-94469020C6FB}.Ad-Hoc|iPhoneSimulator.Deploy.0 = Debug|Any CPU
		{3BA1FA4C-BDCE-4612-842C-94469020C6FB}.Ad-Hoc|x64.ActiveCfg = Debug|Any CPU
		{3BA1FA4C-BDCE-4612-842C-94469020C6FB}.Ad-Hoc|x64.Build.0 = Debug|Any CPU
		{3BA1FA4C-BDCE-4612-842C-94469020C6FB}.Ad-Hoc|x64.Deploy.0 = Debug|Any CPU
		{3BA1FA4C-BDCE-4612-842C-94469020C6FB}.Ad-Hoc|x86.ActiveCfg = Debug|Any CPU
		{3BA1FA4C-BDCE-4612-842C-94469020C6FB}.Ad-Hoc|x86.Build.0 = Debug|Any CPU
		{3BA1FA4C-BDCE-4612-842C-94469020C6FB}.Ad-Hoc|x86.Deploy.0 = Debug|Any CPU
		{3BA1FA4C-BDCE-4612-842C-94469020C6FB}.AppStore|Any CPU.ActiveCfg = Debug|Any CPU
		{3BA1FA4C-BDCE-4612-842C-94469020C6FB}.AppStore|Any CPU.Build.0 = Debug|Any CPU
		{3BA1FA4C-BDCE-4612-842C-94469020C6FB}.AppStore|Any CPU.Deploy.0 = Debug|Any CPU
		{3BA1FA4C-BDCE-4612-842C-94469020C6FB}.AppStore|ARM.ActiveCfg = Debug|Any CPU
		{3BA1FA4C-BDCE-4612-842C-94469020C6FB}.AppStore|ARM.Build.0 = Debug|Any CPU
		{3BA1FA4C-BDCE-4612-842C-94469020C6FB}.AppStore|ARM.Deploy.0 = Debug|Any CPU
		{3BA1FA4C-BDCE-4612-842C-94469020C6FB}.AppStore|iPhone.ActiveCfg = Debug|Any CPU
		{3BA1FA4C-BDCE-4612-842C-94469020C6FB}.AppStore|iPhone.Build.0 = Debug|Any CPU
		{3BA1FA4C-BDCE-4612-842C-94469020C6FB}.AppStore|iPhone.Deploy.0 = Debug|Any CPU
		{3BA1FA4C-BDCE-4612-842C-94469020C6FB}.AppStore|iPhoneSimulator.ActiveCfg = Debug|Any CPU
		{3BA1FA4C-BDCE-4612-842C-94469020C6FB}.AppStore|iPhoneSimulator.Build.0 = Debug|Any CPU
		{3BA1FA4C-BDCE-4612-842C-94469020C6FB}.AppStore|iPhoneSimulator.Deploy.0 = Debug|Any CPU
		{3BA1FA4C-BDCE-4612-842C-94469020C6FB}.AppStore|x64.ActiveCfg = Debug|Any CPU
		{3BA1FA4C-BDCE-4612-842C-94469020C6FB}.AppStore|x64.Build.0 = Debug|Any CPU
		{3BA1FA4C-BDCE-4612-842C-94469020C6FB}.AppStore|x64.Deploy.0 = Debug|Any CPU
		{3BA1FA4C-BDCE-4612-842C-94469020C6FB}.AppStore|x86.ActiveCfg = Debug|Any CPU
		{3BA1FA4C-BDCE-4612-842C-94469020C6FB}.AppStore|x86.Build.0 = Debug|Any CPU
		{3BA1FA4C-BDCE-4612-842C-94469020C6FB}.AppStore|x86.Deploy.0 = Debug|Any CPU
		{3BA1FA4C-BDCE-4612-842C-94469020C6FB}.Debug|Any CPU.ActiveCfg = Debug|Any CPU
		{3BA1FA4C-BDCE-4612-842C-94469020C6FB}.Debug|Any CPU.Build.0 = Debug|Any CPU
		{3BA1FA4C-BDCE-4612-842C-94469020C6FB}.Debug|Any CPU.Deploy.0 = Debug|Any CPU
		{3BA1FA4C-BDCE-4612-842C-94469020C6FB}.Debug|ARM.ActiveCfg = Debug|Any CPU
		{3BA1FA4C-BDCE-4612-842C-94469020C6FB}.Debug|ARM.Build.0 = Debug|Any CPU
		{3BA1FA4C-BDCE-4612-842C-94469020C6FB}.Debug|ARM.Deploy.0 = Debug|Any CPU
		{3BA1FA4C-BDCE-4612-842C-94469020C6FB}.Debug|iPhone.ActiveCfg = Debug|Any CPU
		{3BA1FA4C-BDCE-4612-842C-94469020C6FB}.Debug|iPhone.Build.0 = Debug|Any CPU
		{3BA1FA4C-BDCE-4612-842C-94469020C6FB}.Debug|iPhone.Deploy.0 = Debug|Any CPU
		{3BA1FA4C-BDCE-4612-842C-94469020C6FB}.Debug|iPhoneSimulator.ActiveCfg = Debug|Any CPU
		{3BA1FA4C-BDCE-4612-842C-94469020C6FB}.Debug|iPhoneSimulator.Build.0 = Debug|Any CPU
		{3BA1FA4C-BDCE-4612-842C-94469020C6FB}.Debug|iPhoneSimulator.Deploy.0 = Debug|Any CPU
		{3BA1FA4C-BDCE-4612-842C-94469020C6FB}.Debug|x64.ActiveCfg = Debug|Any CPU
		{3BA1FA4C-BDCE-4612-842C-94469020C6FB}.Debug|x64.Build.0 = Debug|Any CPU
		{3BA1FA4C-BDCE-4612-842C-94469020C6FB}.Debug|x64.Deploy.0 = Debug|Any CPU
		{3BA1FA4C-BDCE-4612-842C-94469020C6FB}.Debug|x86.ActiveCfg = Debug|Any CPU
		{3BA1FA4C-BDCE-4612-842C-94469020C6FB}.Debug|x86.Build.0 = Debug|Any CPU
		{3BA1FA4C-BDCE-4612-842C-94469020C6FB}.Debug|x86.Deploy.0 = Debug|Any CPU
		{3BA1FA4C-BDCE-4612-842C-94469020C6FB}.Release|Any CPU.ActiveCfg = Release|Any CPU
		{3BA1FA4C-BDCE-4612-842C-94469020C6FB}.Release|Any CPU.Build.0 = Release|Any CPU
		{3BA1FA4C-BDCE-4612-842C-94469020C6FB}.Release|Any CPU.Deploy.0 = Release|Any CPU
		{3BA1FA4C-BDCE-4612-842C-94469020C6FB}.Release|ARM.ActiveCfg = Release|Any CPU
		{3BA1FA4C-BDCE-4612-842C-94469020C6FB}.Release|ARM.Build.0 = Release|Any CPU
		{3BA1FA4C-BDCE-4612-842C-94469020C6FB}.Release|ARM.Deploy.0 = Release|Any CPU
		{3BA1FA4C-BDCE-4612-842C-94469020C6FB}.Release|iPhone.ActiveCfg = Release|Any CPU
		{3BA1FA4C-BDCE-4612-842C-94469020C6FB}.Release|iPhone.Build.0 = Release|Any CPU
		{3BA1FA4C-BDCE-4612-842C-94469020C6FB}.Release|iPhone.Deploy.0 = Release|Any CPU
		{3BA1FA4C-BDCE-4612-842C-94469020C6FB}.Release|iPhoneSimulator.ActiveCfg = Release|Any CPU
		{3BA1FA4C-BDCE-4612-842C-94469020C6FB}.Release|iPhoneSimulator.Build.0 = Release|Any CPU
		{3BA1FA4C-BDCE-4612-842C-94469020C6FB}.Release|iPhoneSimulator.Deploy.0 = Release|Any CPU
		{3BA1FA4C-BDCE-4612-842C-94469020C6FB}.Release|x64.ActiveCfg = Release|Any CPU
		{3BA1FA4C-BDCE-4612-842C-94469020C6FB}.Release|x64.Build.0 = Release|Any CPU
		{3BA1FA4C-BDCE-4612-842C-94469020C6FB}.Release|x64.Deploy.0 = Release|Any CPU
		{3BA1FA4C-BDCE-4612-842C-94469020C6FB}.Release|x86.ActiveCfg = Release|Any CPU
		{3BA1FA4C-BDCE-4612-842C-94469020C6FB}.Release|x86.Build.0 = Release|Any CPU
		{3BA1FA4C-BDCE-4612-842C-94469020C6FB}.Release|x86.Deploy.0 = Release|Any CPU
	EndGlobalSection
	GlobalSection(SolutionProperties) = preSolution
		HideSolutionNode = FALSE
	EndGlobalSection
	GlobalSection(ExtensibilityGlobals) = postSolution
		SolutionGuid = {80CE2EDF-9020-44C5-9A4B-05556F6BEAC2}
	EndGlobalSection
EndGlobal
